<?xml version="1.0" encoding="utf-8"?>
<Project ToolsVersion="4.0" xmlns="http://schemas.microsoft.com/developer/msbuild/2003">
  <ItemGroup>
    <Filter Include="源文件">
      <UniqueIdentifier>{4FC737F1-C7A5-4376-A066-2A32D752A2FF}</UniqueIdentifier>
      <Extensions>cpp;c;cc;cxx;c++;cppm;ixx;def;odl;idl;hpj;bat;asm;asmx</Extensions>
    </Filter>
    <Filter Include="头文件">
      <UniqueIdentifier>{93995380-89BD-4b04-88EB-625FBE52EBFB}</UniqueIdentifier>
      <Extensions>h;hh;hpp;hxx;h++;hm;inl;inc;ipp;xsd</Extensions>
    </Filter>
    <Filter Include="资源文件">
      <UniqueIdentifier>{67DA6AB6-F800-4c08-8B7A-83BB121AAD01}</UniqueIdentifier>
      <Extensions>rc;ico;cur;bmp;dlg;rc2;rct;bin;rgs;gif;jpg;jpeg;jpe;resx;tiff;tif;png;wav;mfcribbon-ms</Extensions>
    </Filter>
  </ItemGroup>
  <ItemGroup>
    <ClCompile Include="src\math\axis_aligned.cpp">
      <Filter>源文件</Filter>
    </ClCompile>
    <ClCompile Include="src\math\math.cpp">
      <Filter>源文件</Filter>
    </ClCompile>
    <ClCompile Include="src\math\matrix3.cpp">
      <Filter>源文件</Filter>
    </ClCompile>
    <ClCompile Include="src\math\matrix4.cpp">
      <Filter>源文件</Filter>
    </ClCompile>
    <ClCompile Include="src\math\quaternion.cpp">
      <Filter>源文件</Filter>
    </ClCompile>
    <ClCompile Include="src\math\vector2.cpp">
      <Filter>源文件</Filter>
    </ClCompile>
    <ClCompile Include="src\math\vector3.cpp">
      <Filter>源文件</Filter>
    </ClCompile>
    <ClCompile Include="src\math\vector4.cpp">
      <Filter>源文件</Filter>
    </ClCompile>
    <ClCompile Include="src\meta\reflection\reflection.cpp">
      <Filter>源文件</Filter>
    </ClCompile>
    <ClCompile Include="src\meta\reflection\reflection_register.cpp">
      <Filter>源文件</Filter>
    </ClCompile>
    <ClCompile Include="src\meta\serializer\serializer.cpp">
      <Filter>源文件</Filter>
    </ClCompile>
    <ClCompile Include="src\meta\json11.cpp">
      <Filter>源文件</Filter>
    </ClCompile>
    <ClCompile Include="..\MetaGenerate\serializer\all_serializer.ipp">
      <Filter>头文件</Filter>
    </ClCompile>
    <ClCompile Include="src\renderer\mesh_filter.cpp">
      <Filter>源文件</Filter>
    </ClCompile>
    <ClCompile Include="src\renderer\shader.cpp">
      <Filter>源文件</Filter>
    </ClCompile>
    <ClCompile Include="..\Dependencies\glad\include\glad.c">
      <Filter>源文件</Filter>
    </ClCompile>
    <ClCompile Include="src\renderer\texture2d.cpp">
      <Filter>源文件</Filter>
    </ClCompile>
    <ClCompile Include="src\renderer\material.cpp">
      <Filter>源文件</Filter>
    </ClCompile>
    <ClCompile Include="src\renderer\mesh_renderer.cpp">
      <Filter>源文件</Filter>
    </ClCompile>
    <ClCompile Include="src\component\component.cpp">
      <Filter>源文件</Filter>
    </ClCompile>
    <ClCompile Include="src\component\game_object.cpp">
      <Filter>源文件</Filter>
    </ClCompile>
    <ClCompile Include="src\renderer\camera.cpp">
      <Filter>源文件</Filter>
    </ClCompile>
    <ClCompile Include="src\control\input.cpp">
      <Filter>源文件</Filter>
    </ClCompile>
    <ClCompile Include="src\log\log_system.cpp">
      <Filter>源文件</Filter>
    </ClCompile>
    <ClCompile Include="src\renderer\font.cpp">
      <Filter>源文件</Filter>
    </ClCompile>
    <ClCompile Include="src\ui\ui_image.cpp">
      <Filter>源文件</Filter>
    </ClCompile>
    <ClCompile Include="src\render_device\render_device.cpp">
      <Filter>源文件</Filter>
    </ClCompile>
    <ClCompile Include="src\render_device\render_device_opengl.cpp">
      <Filter>源文件</Filter>
    </ClCompile>
  </ItemGroup>
  <ItemGroup>
    <ClInclude Include="include\math\axis_aligned.h">
      <Filter>头文件</Filter>
    </ClInclude>
    <ClInclude Include="include\math\complex.h">
      <Filter>头文件</Filter>
    </ClInclude>
    <ClInclude Include="include\math\math.hpp">
      <Filter>头文件</Filter>
    </ClInclude>
    <ClInclude Include="include\math\math_headers.h">
      <Filter>头文件</Filter>
    </ClInclude>
    <ClInclude Include="include\math\matrix3.h">
      <Filter>头文件</Filter>
    </ClInclude>
    <ClInclude Include="include\math\matrix4.h">
      <Filter>头文件</Filter>
    </ClInclude>
    <ClInclude Include="include\math\quaternion.h">
      <Filter>头文件</Filter>
    </ClInclude>
    <ClInclude Include="include\math\random.h">
      <Filter>头文件</Filter>
    </ClInclude>
    <ClInclude Include="include\component\transform.h">
      <Filter>头文件</Filter>
    </ClInclude>
    <ClInclude Include="include\math\vector2.h">
      <Filter>头文件</Filter>
    </ClInclude>
    <ClInclude Include="include\math\vector3.h">
      <Filter>头文件</Filter>
    </ClInclude>
    <ClInclude Include="include\math\vector4.h">
      <Filter>头文件</Filter>
    </ClInclude>
    <ClInclude Include="include\meta\reflection\reflection.h">
      <Filter>头文件</Filter>
    </ClInclude>
    <ClInclude Include="include\meta\reflection\reflection_register.h">
      <Filter>头文件</Filter>
    </ClInclude>
    <ClInclude Include="include\meta\serializer\serializer.h">
      <Filter>头文件</Filter>
    </ClInclude>
    <ClInclude Include="include\meta\json.h">
      <Filter>头文件</Filter>
    </ClInclude>
    <ClInclude Include="include\renderer\mesh_filter.h">
      <Filter>头文件</Filter>
    </ClInclude>
    <ClInclude Include="include\renderer\shader.h">
      <Filter>头文件</Filter>
    </ClInclude>
    <ClInclude Include="include\renderer\texture2d.h">
      <Filter>头文件</Filter>
    </ClInclude>
    <ClInclude Include="include\renderer\material.h">
      <Filter>头文件</Filter>
    </ClInclude>
    <ClInclude Include="include\renderer\mesh_renderer.h">
      <Filter>头文件</Filter>
    </ClInclude>
    <ClInclude Include="include\component\component.h">
      <Filter>头文件</Filter>
    </ClInclude>
    <ClInclude Include="include\component\game_object.h">
      <Filter>头文件</Filter>
    </ClInclude>
    <ClInclude Include="include\renderer\camera.h">
      <Filter>头文件</Filter>
    </ClInclude>
    <ClInclude Include="include\control\key_code.h">
      <Filter>头文件</Filter>
    </ClInclude>
    <ClInclude Include="include\control\input.h">
      <Filter>头文件</Filter>
    </ClInclude>
    <ClInclude Include="include\utils\debug.h">
      <Filter>头文件</Filter>
    </ClInclude>
    <ClInclude Include="include\log\log_system.h">
      <Filter>头文件</Filter>
    </ClInclude>
    <ClInclude Include="include\renderer\font.h">
      <Filter>头文件</Filter>
    </ClInclude>
    <ClInclude Include="include\ui\ui_image.h">
      <Filter>头文件</Filter>
    </ClInclude>
    <ClInclude Include="include\render_device\render_device.h">
      <Filter>头文件</Filter>
    </ClInclude>
    <ClInclude Include="include\render_device\render_device_opengl.h">
      <Filter>头文件</Filter>
    </ClInclude>
  </ItemGroup>
</Project>